// !$*UTF8*$!
{
	archiveVersion = 1;
	classes = {
	};
	objectVersion = 51;
	objects = {

/* Begin PBXBuildFile section */
		8F674B649B0150028A5220A3 /* Pods_MyAppleMusic.framework in Frameworks */ = {isa = PBXBuildFile; fileRef = F7F4077788B03824AA1A8020 /* Pods_MyAppleMusic.framework */; };
		FA81288B23B158DF006DED71 /* Nib.swift in Sources */ = {isa = PBXBuildFile; fileRef = FA81288A23B158DF006DED71 /* Nib.swift */; };
		FA81288D23B3C6AC006DED71 /* Library.swift in Sources */ = {isa = PBXBuildFile; fileRef = FA81288C23B3C6AC006DED71 /* Library.swift */; };
		FA847BAB23AE2BB600E5B62E /* AppDelegate.swift in Sources */ = {isa = PBXBuildFile; fileRef = FA847BAA23AE2BB600E5B62E /* AppDelegate.swift */; };
		FA847BAD23AE2BB600E5B62E /* SceneDelegate.swift in Sources */ = {isa = PBXBuildFile; fileRef = FA847BAC23AE2BB600E5B62E /* SceneDelegate.swift */; };
		FA847BAF23AE2BB600E5B62E /* ViewController.swift in Sources */ = {isa = PBXBuildFile; fileRef = FA847BAE23AE2BB600E5B62E /* ViewController.swift */; };
		FA847BB223AE2BB600E5B62E /* Main.storyboard in Resources */ = {isa = PBXBuildFile; fileRef = FA847BB023AE2BB600E5B62E /* Main.storyboard */; };
		FA847BB423AE2BB900E5B62E /* Assets.xcassets in Resources */ = {isa = PBXBuildFile; fileRef = FA847BB323AE2BB900E5B62E /* Assets.xcassets */; };
		FA847BB723AE2BB900E5B62E /* LaunchScreen.storyboard in Resources */ = {isa = PBXBuildFile; fileRef = FA847BB523AE2BB900E5B62E /* LaunchScreen.storyboard */; };
		FA847BBF23AE2BF300E5B62E /* MainTabBarController.swift in Sources */ = {isa = PBXBuildFile; fileRef = FA847BBE23AE2BF300E5B62E /* MainTabBarController.swift */; };
		FA847BC123AE314A00E5B62E /* SearchMusicViewController.swift in Sources */ = {isa = PBXBuildFile; fileRef = FA847BC023AE314A00E5B62E /* SearchMusicViewController.swift */; };
		FA847BC323AE679500E5B62E /* SearchResponse.swift in Sources */ = {isa = PBXBuildFile; fileRef = FA847BC223AE679500E5B62E /* SearchResponse.swift */; };
		FA847BC523AE7B0900E5B62E /* NetworkService.swift in Sources */ = {isa = PBXBuildFile; fileRef = FA847BC423AE7B0900E5B62E /* NetworkService.swift */; };
		FA847BDD23AEC86D00E5B62E /* SearchPresenter.swift in Sources */ = {isa = PBXBuildFile; fileRef = FA847BD623AEC86D00E5B62E /* SearchPresenter.swift */; };
		FA847BDE23AEC86D00E5B62E /* SearchWorker.swift in Sources */ = {isa = PBXBuildFile; fileRef = FA847BD723AEC86D00E5B62E /* SearchWorker.swift */; };
		FA847BDF23AEC86D00E5B62E /* SearchRouter.swift in Sources */ = {isa = PBXBuildFile; fileRef = FA847BD823AEC86D00E5B62E /* SearchRouter.swift */; };
		FA847BE023AEC86D00E5B62E /* SearchModels.swift in Sources */ = {isa = PBXBuildFile; fileRef = FA847BD923AEC86D00E5B62E /* SearchModels.swift */; };
		FA847BE123AEC86D00E5B62E /* SearchViewController.swift in Sources */ = {isa = PBXBuildFile; fileRef = FA847BDA23AEC86D00E5B62E /* SearchViewController.swift */; };
		FA847BE223AEC86D00E5B62E /* SearchInteractor.swift in Sources */ = {isa = PBXBuildFile; fileRef = FA847BDB23AEC86D00E5B62E /* SearchInteractor.swift */; };
		FA847BE523AECADA00E5B62E /* SearchViewController.storyboard in Resources */ = {isa = PBXBuildFile; fileRef = FA847BE423AECADA00E5B62E /* SearchViewController.storyboard */; };
		FA847BE723AECDB700E5B62E /* UIViewControlller + Storyboard.swift in Sources */ = {isa = PBXBuildFile; fileRef = FA847BE623AECDB700E5B62E /* UIViewControlller + Storyboard.swift */; };
		FA847BEB23B00D2100E5B62E /* TrackCell.xib in Resources */ = {isa = PBXBuildFile; fileRef = FA847BEA23B00D2100E5B62E /* TrackCell.xib */; };
		FA847BED23B00D3D00E5B62E /* TrackCell.swift in Sources */ = {isa = PBXBuildFile; fileRef = FA847BEC23B00D3D00E5B62E /* TrackCell.swift */; };
		FA847BF123B026A600E5B62E /* FooterView.swift in Sources */ = {isa = PBXBuildFile; fileRef = FA847BF023B026A600E5B62E /* FooterView.swift */; };
		FA847BF423B0A65C00E5B62E /* TrackDetailView.swift in Sources */ = {isa = PBXBuildFile; fileRef = FA847BF323B0A65C00E5B62E /* TrackDetailView.swift */; };
		FA847BF623B0A66900E5B62E /* TrackDetailView.xib in Resources */ = {isa = PBXBuildFile; fileRef = FA847BF523B0A66900E5B62E /* TrackDetailView.xib */; };
		FA847BF823B0F49A00E5B62E /* CMTime + Extension.swift in Sources */ = {isa = PBXBuildFile; fileRef = FA847BF723B0F49A00E5B62E /* CMTime + Extension.swift */; };
/* End PBXBuildFile section */

/* Begin PBXFileReference section */
		40EA93C776240A1EA1ADBEEE /* Pods-MyAppleMusic.debug.xcconfig */ = {isa = PBXFileReference; includeInIndex = 1; lastKnownFileType = text.xcconfig; name = "Pods-MyAppleMusic.debug.xcconfig"; path = "Target Support Files/Pods-MyAppleMusic/Pods-MyAppleMusic.debug.xcconfig"; sourceTree = "<group>"; };
		F7F4077788B03824AA1A8020 /* Pods_MyAppleMusic.framework */ = {isa = PBXFileReference; explicitFileType = wrapper.framework; includeInIndex = 0; path = Pods_MyAppleMusic.framework; sourceTree = BUILT_PRODUCTS_DIR; };
		FA81288A23B158DF006DED71 /* Nib.swift */ = {isa = PBXFileReference; lastKnownFileType = sourcecode.swift; path = Nib.swift; sourceTree = "<group>"; };
		FA81288C23B3C6AC006DED71 /* Library.swift */ = {isa = PBXFileReference; lastKnownFileType = sourcecode.swift; path = Library.swift; sourceTree = "<group>"; };
		FA847BA723AE2BB600E5B62E /* MyAppleMusic.app */ = {isa = PBXFileReference; explicitFileType = wrapper.application; includeInIndex = 0; path = MyAppleMusic.app; sourceTree = BUILT_PRODUCTS_DIR; };
		FA847BAA23AE2BB600E5B62E /* AppDelegate.swift */ = {isa = PBXFileReference; lastKnownFileType = sourcecode.swift; path = AppDelegate.swift; sourceTree = "<group>"; };
		FA847BAC23AE2BB600E5B62E /* SceneDelegate.swift */ = {isa = PBXFileReference; lastKnownFileType = sourcecode.swift; path = SceneDelegate.swift; sourceTree = "<group>"; };
		FA847BAE23AE2BB600E5B62E /* ViewController.swift */ = {isa = PBXFileReference; lastKnownFileType = sourcecode.swift; path = ViewController.swift; sourceTree = "<group>"; };
		FA847BB123AE2BB600E5B62E /* Base */ = {isa = PBXFileReference; lastKnownFileType = file.storyboard; name = Base; path = Base.lproj/Main.storyboard; sourceTree = "<group>"; };
		FA847BB323AE2BB900E5B62E /* Assets.xcassets */ = {isa = PBXFileReference; lastKnownFileType = folder.assetcatalog; path = Assets.xcassets; sourceTree = "<group>"; };
		FA847BB623AE2BB900E5B62E /* Base */ = {isa = PBXFileReference; lastKnownFileType = file.storyboard; name = Base; path = Base.lproj/LaunchScreen.storyboard; sourceTree = "<group>"; };
		FA847BB823AE2BB900E5B62E /* Info.plist */ = {isa = PBXFileReference; lastKnownFileType = text.plist.xml; path = Info.plist; sourceTree = "<group>"; };
		FA847BBE23AE2BF300E5B62E /* MainTabBarController.swift */ = {isa = PBXFileReference; lastKnownFileType = sourcecode.swift; path = MainTabBarController.swift; sourceTree = "<group>"; };
		FA847BC023AE314A00E5B62E /* SearchMusicViewController.swift */ = {isa = PBXFileReference; lastKnownFileType = sourcecode.swift; path = SearchMusicViewController.swift; sourceTree = "<group>"; };
		FA847BC223AE679500E5B62E /* SearchResponse.swift */ = {isa = PBXFileReference; lastKnownFileType = sourcecode.swift; path = SearchResponse.swift; sourceTree = "<group>"; };
		FA847BC423AE7B0900E5B62E /* NetworkService.swift */ = {isa = PBXFileReference; lastKnownFileType = sourcecode.swift; path = NetworkService.swift; sourceTree = "<group>"; };
		FA847BD623AEC86D00E5B62E /* SearchPresenter.swift */ = {isa = PBXFileReference; lastKnownFileType = sourcecode.swift; path = SearchPresenter.swift; sourceTree = "<group>"; };
		FA847BD723AEC86D00E5B62E /* SearchWorker.swift */ = {isa = PBXFileReference; lastKnownFileType = sourcecode.swift; path = SearchWorker.swift; sourceTree = "<group>"; };
		FA847BD823AEC86D00E5B62E /* SearchRouter.swift */ = {isa = PBXFileReference; lastKnownFileType = sourcecode.swift; path = SearchRouter.swift; sourceTree = "<group>"; };
		FA847BD923AEC86D00E5B62E /* SearchModels.swift */ = {isa = PBXFileReference; lastKnownFileType = sourcecode.swift; path = SearchModels.swift; sourceTree = "<group>"; };
		FA847BDA23AEC86D00E5B62E /* SearchViewController.swift */ = {isa = PBXFileReference; lastKnownFileType = sourcecode.swift; path = SearchViewController.swift; sourceTree = "<group>"; };
		FA847BDB23AEC86D00E5B62E /* SearchInteractor.swift */ = {isa = PBXFileReference; lastKnownFileType = sourcecode.swift; path = SearchInteractor.swift; sourceTree = "<group>"; };
		FA847BE423AECADA00E5B62E /* SearchViewController.storyboard */ = {isa = PBXFileReference; lastKnownFileType = file.storyboard; path = SearchViewController.storyboard; sourceTree = "<group>"; };
		FA847BE623AECDB700E5B62E /* UIViewControlller + Storyboard.swift */ = {isa = PBXFileReference; lastKnownFileType = sourcecode.swift; path = "UIViewControlller + Storyboard.swift"; sourceTree = "<group>"; };
		FA847BEA23B00D2100E5B62E /* TrackCell.xib */ = {isa = PBXFileReference; lastKnownFileType = file.xib; path = TrackCell.xib; sourceTree = "<group>"; };
		FA847BEC23B00D3D00E5B62E /* TrackCell.swift */ = {isa = PBXFileReference; lastKnownFileType = sourcecode.swift; path = TrackCell.swift; sourceTree = "<group>"; };
		FA847BF023B026A600E5B62E /* FooterView.swift */ = {isa = PBXFileReference; lastKnownFileType = sourcecode.swift; path = FooterView.swift; sourceTree = "<group>"; };
		FA847BF323B0A65C00E5B62E /* TrackDetailView.swift */ = {isa = PBXFileReference; lastKnownFileType = sourcecode.swift; path = TrackDetailView.swift; sourceTree = "<group>"; };
		FA847BF523B0A66900E5B62E /* TrackDetailView.xib */ = {isa = PBXFileReference; lastKnownFileType = file.xib; path = TrackDetailView.xib; sourceTree = "<group>"; };
		FA847BF723B0F49A00E5B62E /* CMTime + Extension.swift */ = {isa = PBXFileReference; lastKnownFileType = sourcecode.swift; path = "CMTime + Extension.swift"; sourceTree = "<group>"; };
		FC7452C38CA81238604D8B10 /* Pods-MyAppleMusic.release.xcconfig */ = {isa = PBXFileReference; includeInIndex = 1; lastKnownFileType = text.xcconfig; name = "Pods-MyAppleMusic.release.xcconfig"; path = "Target Support Files/Pods-MyAppleMusic/Pods-MyAppleMusic.release.xcconfig"; sourceTree = "<group>"; };
/* End PBXFileReference section */

/* Begin PBXFrameworksBuildPhase section */
		FA847BA423AE2BB600E5B62E /* Frameworks */ = {
			isa = PBXFrameworksBuildPhase;
			buildActionMask = 2147483647;
			files = (
				8F674B649B0150028A5220A3 /* Pods_MyAppleMusic.framework in Frameworks */,
			);
			runOnlyForDeploymentPostprocessing = 0;
		};
/* End PBXFrameworksBuildPhase section */

/* Begin PBXGroup section */
		06A715D0315C6F109B7CF8C1 /* Frameworks */ = {
			isa = PBXGroup;
			children = (
				F7F4077788B03824AA1A8020 /* Pods_MyAppleMusic.framework */,
			);
			name = Frameworks;
			sourceTree = "<group>";
		};
		11538462307484DEE8C2719B /* Pods */ = {
			isa = PBXGroup;
			children = (
				40EA93C776240A1EA1ADBEEE /* Pods-MyAppleMusic.debug.xcconfig */,
				FC7452C38CA81238604D8B10 /* Pods-MyAppleMusic.release.xcconfig */,
			);
			path = Pods;
			sourceTree = "<group>";
		};
		FA847B9E23AE2BB600E5B62E = {
			isa = PBXGroup;
			children = (
				FA847BA923AE2BB600E5B62E /* MyAppleMusic */,
				FA847BA823AE2BB600E5B62E /* Products */,
				11538462307484DEE8C2719B /* Pods */,
				06A715D0315C6F109B7CF8C1 /* Frameworks */,
			);
			sourceTree = "<group>";
		};
		FA847BA823AE2BB600E5B62E /* Products */ = {
			isa = PBXGroup;
			children = (
				FA847BA723AE2BB600E5B62E /* MyAppleMusic.app */,
			);
			name = Products;
			sourceTree = "<group>";
		};
		FA847BA923AE2BB600E5B62E /* MyAppleMusic */ = {
			isa = PBXGroup;
			children = (
				FA847BAA23AE2BB600E5B62E /* AppDelegate.swift */,
				FA847BAC23AE2BB600E5B62E /* SceneDelegate.swift */,
				FA847BD523AEC80900E5B62E /* Services */,
				FA847BC623AEC79D00E5B62E /* Search */,
				FA847BC023AE314A00E5B62E /* SearchMusicViewController.swift */,
				FA847BAE23AE2BB600E5B62E /* ViewController.swift */,
				FA847BBE23AE2BF300E5B62E /* MainTabBarController.swift */,
				FA81288C23B3C6AC006DED71 /* Library.swift */,
				FA847BB023AE2BB600E5B62E /* Main.storyboard */,
				FA847BE823AECDCD00E5B62E /* Helpers */,
				FA847BB323AE2BB900E5B62E /* Assets.xcassets */,
				FA847BB523AE2BB900E5B62E /* LaunchScreen.storyboard */,
				FA847BB823AE2BB900E5B62E /* Info.plist */,
			);
			path = MyAppleMusic;
			sourceTree = "<group>";
		};
		FA847BC623AEC79D00E5B62E /* Search */ = {
			isa = PBXGroup;
			children = (
				FA847BF223B0A62E00E5B62E /* TrackDetailView */,
				FA847BEF23B0267D00E5B62E /* FooterView */,
				FA847BE923B00D1000E5B62E /* Cell */,
				FA847BE423AECADA00E5B62E /* SearchViewController.storyboard */,
				FA847BDA23AEC86D00E5B62E /* SearchViewController.swift */,
				FA847BD923AEC86D00E5B62E /* SearchModels.swift */,
				FA847BDB23AEC86D00E5B62E /* SearchInteractor.swift */,
				FA847BD623AEC86D00E5B62E /* SearchPresenter.swift */,
				FA847BD723AEC86D00E5B62E /* SearchWorker.swift */,
				FA847BD823AEC86D00E5B62E /* SearchRouter.swift */,
			);
			path = Search;
			sourceTree = "<group>";
		};
		FA847BD523AEC80900E5B62E /* Services */ = {
			isa = PBXGroup;
			children = (
				FA847BEE23B017CF00E5B62E /* Models */,
				FA847BC423AE7B0900E5B62E /* NetworkService.swift */,
			);
			path = Services;
			sourceTree = "<group>";
		};
		FA847BE823AECDCD00E5B62E /* Helpers */ = {
			isa = PBXGroup;
			children = (
				FA81288A23B158DF006DED71 /* Nib.swift */,
				FA847BE623AECDB700E5B62E /* UIViewControlller + Storyboard.swift */,
				FA847BF723B0F49A00E5B62E /* CMTime + Extension.swift */,
			);
			path = Helpers;
			sourceTree = "<group>";
		};
		FA847BE923B00D1000E5B62E /* Cell */ = {
			isa = PBXGroup;
			children = (
				FA847BEA23B00D2100E5B62E /* TrackCell.xib */,
				FA847BEC23B00D3D00E5B62E /* TrackCell.swift */,
			);
			path = Cell;
			sourceTree = "<group>";
		};
		FA847BEE23B017CF00E5B62E /* Models */ = {
			isa = PBXGroup;
			children = (
				FA847BC223AE679500E5B62E /* SearchResponse.swift */,
			);
			path = Models;
			sourceTree = "<group>";
		};
		FA847BEF23B0267D00E5B62E /* FooterView */ = {
			isa = PBXGroup;
			children = (
				FA847BF023B026A600E5B62E /* FooterView.swift */,
			);
			path = FooterView;
			sourceTree = "<group>";
		};
		FA847BF223B0A62E00E5B62E /* TrackDetailView */ = {
			isa = PBXGroup;
			children = (
				FA847BF323B0A65C00E5B62E /* TrackDetailView.swift */,
				FA847BF523B0A66900E5B62E /* TrackDetailView.xib */,
			);
			path = TrackDetailView;
			sourceTree = "<group>";
		};
/* End PBXGroup section */

/* Begin PBXNativeTarget section */
		FA847BA623AE2BB600E5B62E /* MyAppleMusic */ = {
			isa = PBXNativeTarget;
			buildConfigurationList = FA847BBB23AE2BB900E5B62E /* Build configuration list for PBXNativeTarget "MyAppleMusic" */;
			buildPhases = (
				F1822AEA7973B2DFEB871D2A /* [CP] Check Pods Manifest.lock */,
				FA847BA323AE2BB600E5B62E /* Sources */,
				FA847BA423AE2BB600E5B62E /* Frameworks */,
				FA847BA523AE2BB600E5B62E /* Resources */,
				052C2C8155938F1502285C6E /* [CP] Embed Pods Frameworks */,
			);
			buildRules = (
			);
			dependencies = (
			);
			name = MyAppleMusic;
			productName = MyAppleMusic;
			productReference = FA847BA723AE2BB600E5B62E /* MyAppleMusic.app */;
			productType = "com.apple.product-type.application";
		};
/* End PBXNativeTarget section */

/* Begin PBXProject section */
		FA847B9F23AE2BB600E5B62E /* Project object */ = {
			isa = PBXProject;
			attributes = {
				LastSwiftUpdateCheck = 1130;
				LastUpgradeCheck = 1130;
				ORGANIZATIONNAME = "Big Nerd Ranch";
				TargetAttributes = {
					FA847BA623AE2BB600E5B62E = {
						CreatedOnToolsVersion = 11.3;
					};
				};
			};
			buildConfigurationList = FA847BA223AE2BB600E5B62E /* Build configuration list for PBXProject "MyAppleMusic" */;
			compatibilityVersion = "Xcode 9.3";
			developmentRegion = en;
			hasScannedForEncodings = 0;
			knownRegions = (
				en,
				Base,
			);
			mainGroup = FA847B9E23AE2BB600E5B62E;
			productRefGroup = FA847BA823AE2BB600E5B62E /* Products */;
			projectDirPath = "";
			projectRoot = "";
			targets = (
				FA847BA623AE2BB600E5B62E /* MyAppleMusic */,
			);
		};
/* End PBXProject section */

/* Begin PBXResourcesBuildPhase section */
		FA847BA523AE2BB600E5B62E /* Resources */ = {
			isa = PBXResourcesBuildPhase;
			buildActionMask = 2147483647;
			files = (
				FA847BB723AE2BB900E5B62E /* LaunchScreen.storyboard in Resources */,
				FA847BF623B0A66900E5B62E /* TrackDetailView.xib in Resources */,
				FA847BEB23B00D2100E5B62E /* TrackCell.xib in Resources */,
				FA847BB423AE2BB900E5B62E /* Assets.xcassets in Resources */,
				FA847BB223AE2BB600E5B62E /* Main.storyboard in Resources */,
				FA847BE523AECADA00E5B62E /* SearchViewController.storyboard in Resources */,
			);
			runOnlyForDeploymentPostprocessing = 0;
		};
/* End PBXResourcesBuildPhase section */

/* Begin PBXShellScriptBuildPhase section */
		052C2C8155938F1502285C6E /* [CP] Embed Pods Frameworks */ = {
			isa = PBXShellScriptBuildPhase;
			buildActionMask = 2147483647;
			files = (
			);
			inputFileListPaths = (
				"${PODS_ROOT}/Target Support Files/Pods-MyAppleMusic/Pods-MyAppleMusic-frameworks-${CONFIGURATION}-input-files.xcfilelist",
			);
			name = "[CP] Embed Pods Frameworks";
			outputFileListPaths = (
				"${PODS_ROOT}/Target Support Files/Pods-MyAppleMusic/Pods-MyAppleMusic-frameworks-${CONFIGURATION}-output-files.xcfilelist",
			);
			runOnlyForDeploymentPostprocessing = 0;
			shellPath = /bin/sh;
			shellScript = "\"${PODS_ROOT}/Target Support Files/Pods-MyAppleMusic/Pods-MyAppleMusic-frameworks.sh\"\n";
			showEnvVarsInLog = 0;
		};
		F1822AEA7973B2DFEB871D2A /* [CP] Check Pods Manifest.lock */ = {
			isa = PBXShellScriptBuildPhase;
			buildActionMask = 2147483647;
			files = (
			);
			inputFileListPaths = (
			);
			inputPaths = (
				"${PODS_PODFILE_DIR_PATH}/Podfile.lock",
				"${PODS_ROOT}/Manifest.lock",
			);
			name = "[CP] Check Pods Manifest.lock";
			outputFileListPaths = (
			);
			outputPaths = (
				"$(DERIVED_FILE_DIR)/Pods-MyAppleMusic-checkManifestLockResult.txt",
			);
			runOnlyForDeploymentPostprocessing = 0;
			shellPath = /bin/sh;
			shellScript = "diff \"${PODS_PODFILE_DIR_PATH}/Podfile.lock\" \"${PODS_ROOT}/Manifest.lock\" > /dev/null\nif [ $? != 0 ] ; then\n    # print error to STDERR\n    echo \"error: The sandbox is not in sync with the Podfile.lock. Run 'pod install' or update your CocoaPods installation.\" >&2\n    exit 1\nfi\n# This output is used by Xcode 'outputs' to avoid re-running this script phase.\necho \"SUCCESS\" > \"${SCRIPT_OUTPUT_FILE_0}\"\n";
			showEnvVarsInLog = 0;
		};
/* End PBXShellScriptBuildPhase section */

/* Begin PBXSourcesBuildPhase section */
		FA847BA323AE2BB600E5B62E /* Sources */ = {
			isa = PBXSourcesBuildPhase;
			buildActionMask = 2147483647;
			files = (
				FA847BC123AE314A00E5B62E /* SearchMusicViewController.swift in Sources */,
				FA847BAF23AE2BB600E5B62E /* ViewController.swift in Sources */,
				FA847BC323AE679500E5B62E /* SearchResponse.swift in Sources */,
				FA847BE223AEC86D00E5B62E /* SearchInteractor.swift in Sources */,
				FA847BAB23AE2BB600E5B62E /* AppDelegate.swift in Sources */,
				FA847BF123B026A600E5B62E /* FooterView.swift in Sources */,
				FA847BF823B0F49A00E5B62E /* CMTime + Extension.swift in Sources */,
				FA847BED23B00D3D00E5B62E /* TrackCell.swift in Sources */,
				FA81288B23B158DF006DED71 /* Nib.swift in Sources */,
				FA847BBF23AE2BF300E5B62E /* MainTabBarController.swift in Sources */,
				FA847BE723AECDB700E5B62E /* UIViewControlller + Storyboard.swift in Sources */,
				FA847BDE23AEC86D00E5B62E /* SearchWorker.swift in Sources */,
				FA847BE123AEC86D00E5B62E /* SearchViewController.swift in Sources */,
				FA847BDF23AEC86D00E5B62E /* SearchRouter.swift in Sources */,
				FA847BE023AEC86D00E5B62E /* SearchModels.swift in Sources */,
				FA847BAD23AE2BB600E5B62E /* SceneDelegate.swift in Sources */,
				FA847BDD23AEC86D00E5B62E /* SearchPresenter.swift in Sources */,
				FA81288D23B3C6AC006DED71 /* Library.swift in Sources */,
				FA847BF423B0A65C00E5B62E /* TrackDetailView.swift in Sources */,
				FA847BC523AE7B0900E5B62E /* NetworkService.swift in Sources */,
			);
			runOnlyForDeploymentPostprocessing = 0;
		};
/* End PBXSourcesBuildPhase section */

/* Begin PBXVariantGroup section */
		FA847BB023AE2BB600E5B62E /* Main.storyboard */ = {
			isa = PBXVariantGroup;
			children = (
				FA847BB123AE2BB600E5B62E /* Base */,
			);
			name = Main.storyboard;
			sourceTree = "<group>";
		};
		FA847BB523AE2BB900E5B62E /* LaunchScreen.storyboard */ = {
			isa = PBXVariantGroup;
			children = (
				FA847BB623AE2BB900E5B62E /* Base */,
			);
			name = LaunchScreen.storyboard;
			sourceTree = "<group>";
		};
/* End PBXVariantGroup section */

/* Begin XCBuildConfiguration section */
		FA847BB923AE2BB900E5B62E /* Debug */ = {
			isa = XCBuildConfiguration;
			buildSettings = {
				ALWAYS_SEARCH_USER_PATHS = NO;
				CLANG_ANALYZER_NONNULL = YES;
				CLANG_ANALYZER_NUMBER_OBJECT_CONVERSION = YES_AGGRESSIVE;
				CLANG_CXX_LANGUAGE_STANDARD = "gnu++14";
				CLANG_CXX_LIBRARY = "libc++";
				CLANG_ENABLE_MODULES = YES;
				CLANG_ENABLE_OBJC_ARC = YES;
				CLANG_ENABLE_OBJC_WEAK = YES;
				CLANG_WARN_BLOCK_CAPTURE_AUTORELEASING = YES;
				CLANG_WARN_BOOL_CONVERSION = YES;
				CLANG_WARN_COMMA = YES;
				CLANG_WARN_CONSTANT_CONVERSION = YES;
				CLANG_WARN_DEPRECATED_OBJC_IMPLEMENTATIONS = YES;
				CLANG_WARN_DIRECT_OBJC_ISA_USAGE = YES_ERROR;
				CLANG_WARN_DOCUMENTATION_COMMENTS = YES;
				CLANG_WARN_EMPTY_BODY = YES;
				CLANG_WARN_ENUM_CONVERSION = YES;
				CLANG_WARN_INFINITE_RECURSION = YES;
				CLANG_WARN_INT_CONVERSION = YES;
				CLANG_WARN_NON_LITERAL_NULL_CONVERSION = YES;
				CLANG_WARN_OBJC_IMPLICIT_RETAIN_SELF = YES;
				CLANG_WARN_OBJC_LITERAL_CONVERSION = YES;
				CLANG_WARN_OBJC_ROOT_CLASS = YES_ERROR;
				CLANG_WARN_RANGE_LOOP_ANALYSIS = YES;
				CLANG_WARN_STRICT_PROTOTYPES = YES;
				CLANG_WARN_SUSPICIOUS_MOVE = YES;
				CLANG_WARN_UNGUARDED_AVAILABILITY = YES_AGGRESSIVE;
				CLANG_WARN_UNREACHABLE_CODE = YES;
				CLANG_WARN__DUPLICATE_METHOD_MATCH = YES;
				COPY_PHASE_STRIP = NO;
				DEBUG_INFORMATION_FORMAT = dwarf;
				ENABLE_STRICT_OBJC_MSGSEND = YES;
				ENABLE_TESTABILITY = YES;
				GCC_C_LANGUAGE_STANDARD = gnu11;
				GCC_DYNAMIC_NO_PIC = NO;
				GCC_NO_COMMON_BLOCKS = YES;
				GCC_OPTIMIZATION_LEVEL = 0;
				GCC_PREPROCESSOR_DEFINITIONS = (
					"DEBUG=1",
					"$(inherited)",
				);
				GCC_WARN_64_TO_32_BIT_CONVERSION = YES;
				GCC_WARN_ABOUT_RETURN_TYPE = YES_ERROR;
				GCC_WARN_UNDECLARED_SELECTOR = YES;
				GCC_WARN_UNINITIALIZED_AUTOS = YES_AGGRESSIVE;
				GCC_WARN_UNUSED_FUNCTION = YES;
				GCC_WARN_UNUSED_VARIABLE = YES;
				IPHONEOS_DEPLOYMENT_TARGET = 13.2;
				MTL_ENABLE_DEBUG_INFO = INCLUDE_SOURCE;
				MTL_FAST_MATH = YES;
				ONLY_ACTIVE_ARCH = YES;
				SDKROOT = iphoneos;
				SWIFT_ACTIVE_COMPILATION_CONDITIONS = DEBUG;
				SWIFT_OPTIMIZATION_LEVEL = "-Onone";
			};
			name = Debug;
		};
		FA847BBA23AE2BB900E5B62E /* Release */ = {
			isa = XCBuildConfiguration;
			buildSettings = {
				ALWAYS_SEARCH_USER_PATHS = NO;
				CLANG_ANALYZER_NONNULL = YES;
				CLANG_ANALYZER_NUMBER_OBJECT_CONVERSION = YES_AGGRESSIVE;
				CLANG_CXX_LANGUAGE_STANDARD = "gnu++14";
				CLANG_CXX_LIBRARY = "libc++";
				CLANG_ENABLE_MODULES = YES;
				CLANG_ENABLE_OBJC_ARC = YES;
				CLANG_ENABLE_OBJC_WEAK = YES;
				CLANG_WARN_BLOCK_CAPTURE_AUTORELEASING = YES;
				CLANG_WARN_BOOL_CONVERSION = YES;
				CLANG_WARN_COMMA = YES;
				CLANG_WARN_CONSTANT_CONVERSION = YES;
				CLANG_WARN_DEPRECATED_OBJC_IMPLEMENTATIONS = YES;
				CLANG_WARN_DIRECT_OBJC_ISA_USAGE = YES_ERROR;
				CLANG_WARN_DOCUMENTATION_COMMENTS = YES;
				CLANG_WARN_EMPTY_BODY = YES;
				CLANG_WARN_ENUM_CONVERSION = YES;
				CLANG_WARN_INFINITE_RECURSION = YES;
				CLANG_WARN_INT_CONVERSION = YES;
				CLANG_WARN_NON_LITERAL_NULL_CONVERSION = YES;
				CLANG_WARN_OBJC_IMPLICIT_RETAIN_SELF = YES;
				CLANG_WARN_OBJC_LITERAL_CONVERSION = YES;
				CLANG_WARN_OBJC_ROOT_CLASS = YES_ERROR;
				CLANG_WARN_RANGE_LOOP_ANALYSIS = YES;
				CLANG_WARN_STRICT_PROTOTYPES = YES;
				CLANG_WARN_SUSPICIOUS_MOVE = YES;
				CLANG_WARN_UNGUARDED_AVAILABILITY = YES_AGGRESSIVE;
				CLANG_WARN_UNREACHABLE_CODE = YES;
				CLANG_WARN__DUPLICATE_METHOD_MATCH = YES;
				COPY_PHASE_STRIP = NO;
				DEBUG_INFORMATION_FORMAT = "dwarf-with-dsym";
				ENABLE_NS_ASSERTIONS = NO;
				ENABLE_STRICT_OBJC_MSGSEND = YES;
				GCC_C_LANGUAGE_STANDARD = gnu11;
				GCC_NO_COMMON_BLOCKS = YES;
				GCC_WARN_64_TO_32_BIT_CONVERSION = YES;
				GCC_WARN_ABOUT_RETURN_TYPE = YES_ERROR;
				GCC_WARN_UNDECLARED_SELECTOR = YES;
				GCC_WARN_UNINITIALIZED_AUTOS = YES_AGGRESSIVE;
				GCC_WARN_UNUSED_FUNCTION = YES;
				GCC_WARN_UNUSED_VARIABLE = YES;
				IPHONEOS_DEPLOYMENT_TARGET = 13.2;
				MTL_ENABLE_DEBUG_INFO = NO;
				MTL_FAST_MATH = YES;
				SDKROOT = iphoneos;
				SWIFT_COMPILATION_MODE = wholemodule;
				SWIFT_OPTIMIZATION_LEVEL = "-O";
				VALIDATE_PRODUCT = YES;
			};
			name = Release;
		};
		FA847BBC23AE2BB900E5B62E /* Debug */ = {
			isa = XCBuildConfiguration;
			baseConfigurationReference = 40EA93C776240A1EA1ADBEEE /* Pods-MyAppleMusic.debug.xcconfig */;
			buildSettings = {
				ASSETCATALOG_COMPILER_APPICON_NAME = AppIcon;
				CODE_SIGN_STYLE = Automatic;
				DEVELOPMENT_TEAM = AGN42K77RS;
				INFOPLIST_FILE = MyAppleMusic/Info.plist;
				LD_RUNPATH_SEARCH_PATHS = (
					"$(inherited)",
					"@executable_path/Frameworks",
				);
				PRODUCT_BUNDLE_IDENTIFIER = com.bignerdranch.MyAppleMusic;
				PRODUCT_NAME = "$(TARGET_NAME)";
				SWIFT_VERSION = 5.0;
				TARGETED_DEVICE_FAMILY = "1,2";
			};
			name = Debug;
		};
		FA847BBD23AE2BB900E5B62E /* Release */ = {
			isa = XCBuildConfiguration;
			baseConfigurationReference = FC7452C38CA81238604D8B10 /* Pods-MyAppleMusic.release.xcconfig */;
			buildSettings = {
				ASSETCATALOG_COMPILER_APPICON_NAME = AppIcon;
				CODE_SIGN_STYLE = Automatic;
				DEVELOPMENT_TEAM = AGN42K77RS;
				INFOPLIST_FILE = MyAppleMusic/Info.plist;
				LD_RUNPATH_SEARCH_PATHS = (
					"$(inherited)",
					"@executable_path/Frameworks",
				);
				PRODUCT_BUNDLE_IDENTIFIER = com.bignerdranch.MyAppleMusic;
				PRODUCT_NAME = "$(TARGET_NAME)";
				SWIFT_VERSION = 5.0;
				TARGETED_DEVICE_FAMILY = "1,2";
			};
			name = Release;
		};
/* End XCBuildConfiguration section */

/* Begin XCConfigurationList section */
		FA847BA223AE2BB600E5B62E /* Build configuration list for PBXProject "MyAppleMusic" */ = {
			isa = XCConfigurationList;
			buildConfigurations = (
				FA847BB923AE2BB900E5B62E /* Debug */,
				FA847BBA23AE2BB900E5B62E /* Release */,
			);
			defaultConfigurationIsVisible = 0;
			defaultConfigurationName = Release;
		};
		FA847BBB23AE2BB900E5B62E /* Build configuration list for PBXNativeTarget "MyAppleMusic" */ = {
			isa = XCConfigurationList;
			buildConfigurations = (
				FA847BBC23AE2BB900E5B62E /* Debug */,
				FA847BBD23AE2BB900E5B62E /* Release */,
			);
			defaultConfigurationIsVisible = 0;
			defaultConfigurationName = Release;
		};
/* End XCConfigurationList section */
	};
	rootObject = FA847B9F23AE2BB600E5B62E /* Project object */;
}
